
Microsoft Visual Studio Solution File, Format Version 12.00
# Visual Studio 14
VisualStudioVersion = 14.0.23107.0
MinimumVisualStudioVersion = 10.0.40219.1
Project("{FAE04EC0-301F-11D3-BF4B-00C04F79EFBC}") = "ZWaveAction", "ZWaveAction\ZWaveAction.csproj", "{B93C4FBD-5770-4F50-83F2-718EF243FA29}"
EndProject
Project("{FAE04EC0-301F-11D3-BF4B-00C04F79EFBC}") = "ZWaveActionUI", "ZWaveActionUI\ZWaveActionUI.csproj", "{B2256C04-9462-4A65-B762-8FB24954D3A2}"
EndProject
Project("{FAE04EC0-301F-11D3-BF4B-00C04F79EFBC}") = "test", "test\test.csproj", "{067C8B93-AC5D-457E-A3E6-2BC01ADBA248}"
EndProject
Project("{FAE04EC0-301F-11D3-BF4B-00C04F79EFBC}") = "ZWaveActionImplementations", "ZWaveActionImplementations\ZWaveActionImplementations.csproj", "{475DADEF-C235-4F28-942A-28195B548C92}"
EndProject
Global
	GlobalSection(SolutionConfigurationPlatforms) = preSolution
		Debug|Any CPU = Debug|Any CPU
		Debug|x86 = Debug|x86
		Release|Any CPU = Release|Any CPU
		Release|x86 = Release|x86
	EndGlobalSection
	GlobalSection(ProjectConfigurationPlatforms) = postSolution
		{B93C4FBD-5770-4F50-83F2-718EF243FA29}.Debug|Any CPU.ActiveCfg = Debug|Any CPU
		{B93C4FBD-5770-4F50-83F2-718EF243FA29}.Debug|Any CPU.Build.0 = Debug|Any CPU
		{B93C4FBD-5770-4F50-83F2-718EF243FA29}.Debug|x86.ActiveCfg = Debug|Any CPU
		{B93C4FBD-5770-4F50-83F2-718EF243FA29}.Debug|x86.Build.0 = Debug|Any CPU
		{B93C4FBD-5770-4F50-83F2-718EF243FA29}.Release|Any CPU.ActiveCfg = Release|Any CPU
		{B93C4FBD-5770-4F50-83F2-718EF243FA29}.Release|Any CPU.Build.0 = Release|Any CPU
		{B93C4FBD-5770-4F50-83F2-718EF243FA29}.Release|x86.ActiveCfg = Release|Any CPU
		{B93C4FBD-5770-4F50-83F2-718EF243FA29}.Release|x86.Build.0 = Release|Any CPU
		{B2256C04-9462-4A65-B762-8FB24954D3A2}.Debug|Any CPU.ActiveCfg = Debug|Any CPU
		{B2256C04-9462-4A65-B762-8FB24954D3A2}.Debug|Any CPU.Build.0 = Debug|Any CPU
		{B2256C04-9462-4A65-B762-8FB24954D3A2}.Debug|x86.ActiveCfg = Debug|Any CPU
		{B2256C04-9462-4A65-B762-8FB24954D3A2}.Debug|x86.Build.0 = Debug|Any CPU
		{B2256C04-9462-4A65-B762-8FB24954D3A2}.Release|Any CPU.ActiveCfg = Release|Any CPU
		{B2256C04-9462-4A65-B762-8FB24954D3A2}.Release|Any CPU.Build.0 = Release|Any CPU
		{B2256C04-9462-4A65-B762-8FB24954D3A2}.Release|x86.ActiveCfg = Release|Any CPU
		{B2256C04-9462-4A65-B762-8FB24954D3A2}.Release|x86.Build.0 = Release|Any CPU
		{067C8B93-AC5D-457E-A3E6-2BC01ADBA248}.Debug|Any CPU.ActiveCfg = Debug|Any CPU
		{067C8B93-AC5D-457E-A3E6-2BC01ADBA248}.Debug|Any CPU.Build.0 = Debug|Any CPU
		{067C8B93-AC5D-457E-A3E6-2BC01ADBA248}.Debug|x86.ActiveCfg = Debug|Any CPU
		{067C8B93-AC5D-457E-A3E6-2BC01ADBA248}.Debug|x86.Build.0 = Debug|Any CPU
		{067C8B93-AC5D-457E-A3E6-2BC01ADBA248}.Release|Any CPU.ActiveCfg = Release|Any CPU
		{067C8B93-AC5D-457E-A3E6-2BC01ADBA248}.Release|Any CPU.Build.0 = Release|Any CPU
		{067C8B93-AC5D-457E-A3E6-2BC01ADBA248}.Release|x86.ActiveCfg = Release|Any CPU
		{067C8B93-AC5D-457E-A3E6-2BC01ADBA248}.Release|x86.Build.0 = Release|Any CPU
		{475DADEF-C235-4F28-942A-28195B548C92}.Debug|Any CPU.ActiveCfg = Debug|Any CPU
		{475DADEF-C235-4F28-942A-28195B548C92}.Debug|Any CPU.Build.0 = Debug|Any CPU
		{475DADEF-C235-4F28-942A-28195B548C92}.Debug|x86.ActiveCfg = Debug|Any CPU
		{475DADEF-C235-4F28-942A-28195B548C92}.Debug|x86.Build.0 = Debug|Any CPU
		{475DADEF-C235-4F28-942A-28195B548C92}.Release|Any CPU.ActiveCfg = Release|Any CPU
		{475DADEF-C235-4F28-942A-28195B548C92}.Release|Any CPU.Build.0 = Release|Any CPU
		{475DADEF-C235-4F28-942A-28195B548C92}.Release|x86.ActiveCfg = Release|Any CPU
		{475DADEF-C235-4F28-942A-28195B548C92}.Release|x86.Build.0 = Release|Any CPU
	EndGlobalSection
	GlobalSection(SolutionProperties) = preSolution
		HideSolutionNode = FALSE
	EndGlobalSection
EndGlobal
